hash: 31082ae3d540e85d6c1d8211790248ed72ae8751acc653b9c25dbb84b5f5349d
updated: 2018-08-13T01:03:11.780599+05:30
imports:
- name: github.com/davecgh/go-spew
  version: 8991bc29aa16c548c550c7ff78260e27b9ab7c73
  subpackages:
  - spew
- name: github.com/mitchellh/colorstring
  version: 8631ce90f28644f54aeedcb3e389a85174e067d1
- name: github.com/pmezard/go-difflib
  version: 792786c7400a136282c1664665ae0a8db921c6c2
  subpackages:
  - difflib
- name: github.com/schollz/progressbar
  version: f3123fe107eecd65b8eb2f5b42c2b2209046e07c
- name: github.com/stretchr/objx
  version: b8b73a35e9830ae509858c10dec5866b4d5c8bff
- name: github.com/stretchr/testify
  version: f35b8ab0b5a2cef36673838d662e249dd9c94686
  subpackages:
  - assert
  - mock
testImports: []
